
Microsoft Visual Studio Solution File, Format Version 12.00
# Visual Studio Version 16
VisualStudioVersion = 16.0.30225.117
MinimumVisualStudioVersion = 10.0.40219.1
Project("{FAE04EC0-301F-11D3-BF4B-00C04F79EFBC}") = "ManateeTrelloTest", "ManateeTrelloTest\ManateeTrelloTest.csproj", "{BF74C841-E255-4C6A-9621-2EC31D7ADFEB}"
EndProject
Global
	GlobalSection(SolutionConfigurationPlatforms) = preSolution
		Debug|Any CPU = Debug|Any CPU
		Release|Any CPU = Release|Any CPU
	EndGlobalSection
	GlobalSection(ProjectConfigurationPlatforms) = postSolution
		{BF74C841-E255-4C6A-9621-2EC31D7ADFEB}.Debug|Any CPU.ActiveCfg = Debug|Any CPU
		{BF74C841-E255-4C6A-9621-2EC31D7ADFEB}.Debug|Any CPU.Build.0 = Debug|Any CPU
		{BF74C841-E255-4C6A-9621-2EC31D7ADFEB}.Release|Any CPU.ActiveCfg = Release|Any CPU
		{BF74C841-E255-4C6A-9621-2EC31D7ADFEB}.Release|Any CPU.Build.0 = Release|Any CPU
	EndGlobalSection
	GlobalSection(SolutionProperties) = preSolution
		HideSolutionNode = FALSE
	EndGlobalSection
	GlobalSection(ExtensibilityGlobals) = postSolution
		SolutionGuid = {19762331-248E-4F09-A665-7A0D88B27731}
	EndGlobalSection
EndGlobal
